
Microsoft Visual Studio Solution File, Format Version 12.00
# Visual Studio 14
VisualStudioVersion = 14.0.23107.0
MinimumVisualStudioVersion = 10.0.40219.1
Project("{FAE04EC0-301F-11D3-BF4B-00C04F79EFBC}") = "MVCYoubay", "MVCYoubay\MVCYoubay.csproj", "{F53086D3-8AD4-4425-A73B-E638D60FFDA5}"
EndProject
Project("{FAE04EC0-301F-11D3-BF4B-00C04F79EFBC}") = "MVCYoubay.Tests", "MVCYoubay.Tests\MVCYoubay.Tests.csproj", "{4B58AC9E-CF91-479A-97CC-F6AC5665788D}"
EndProject
Global
	GlobalSection(SolutionConfigurationPlatforms) = preSolution
		Debug|Any CPU = Debug|Any CPU
		Release|Any CPU = Release|Any CPU
	EndGlobalSection
	GlobalSection(ProjectConfigurationPlatforms) = postSolution
		{F53086D3-8AD4-4425-A73B-E638D60FFDA5}.Debug|Any CPU.ActiveCfg = Debug|Any CPU
		{F53086D3-8AD4-4425-A73B-E638D60FFDA5}.Debug|Any CPU.Build.0 = Debug|Any CPU
		{F53086D3-8AD4-4425-A73B-E638D60FFDA5}.Release|Any CPU.ActiveCfg = Release|Any CPU
		{F53086D3-8AD4-4425-A73B-E638D60FFDA5}.Release|Any CPU.Build.0 = Release|Any CPU
		{4B58AC9E-CF91-479A-97CC-F6AC5665788D}.Debug|Any CPU.ActiveCfg = Debug|Any CPU
		{4B58AC9E-CF91-479A-97CC-F6AC5665788D}.Debug|Any CPU.Build.0 = Debug|Any CPU
		{4B58AC9E-CF91-479A-97CC-F6AC5665788D}.Release|Any CPU.ActiveCfg = Release|Any CPU
		{4B58AC9E-CF91-479A-97CC-F6AC5665788D}.Release|Any CPU.Build.0 = Release|Any CPU
	EndGlobalSection
	GlobalSection(SolutionProperties) = preSolution
		HideSolutionNode = FALSE
	EndGlobalSection
EndGlobal
